// !$*UTF8*$!
{
	archiveVersion = 1;
	classes = {
	};
	objectVersion = 56;
	objects = {

/* Begin PBXBuildFile section */
		5A08FC7429EFD5E400AB877C /* NewTimelineSlider.swift in Sources */ = {isa = PBXBuildFile; fileRef = 5A08FC7329EFD5E400AB877C /* NewTimelineSlider.swift */; };
		5A17E08929F1744100DB4A47 /* RootView.swift in Sources */ = {isa = PBXBuildFile; fileRef = 5A17E08829F1744100DB4A47 /* RootView.swift */; };
		5A3D13A829F184000027E25E /* PersistenceController.swift in Sources */ = {isa = PBXBuildFile; fileRef = 5A3D13A729F184000027E25E /* PersistenceController.swift */; };
		5A3D13AC29F184330027E25E /* CoreDataContainer.xcdatamodeld in Sources */ = {isa = PBXBuildFile; fileRef = 5A3D13AA29F184330027E25E /* CoreDataContainer.xcdatamodeld */; };
		5A3D13AE29F185400027E25E /* FileManager.swift in Sources */ = {isa = PBXBuildFile; fileRef = 5A3D13AD29F185400027E25E /* FileManager.swift */; };
		5A3D13B029F186160027E25E /* CoreDataManager.swift in Sources */ = {isa = PBXBuildFile; fileRef = 5A3D13AF29F186160027E25E /* CoreDataManager.swift */; };
		5A3D13B229F187960027E25E /* ProjectEntity+Ext.swift in Sources */ = {isa = PBXBuildFile; fileRef = 5A3D13B129F187960027E25E /* ProjectEntity+Ext.swift */; };
		5A3D13B429F18E4D0027E25E /* RootViewModel.swift in Sources */ = {isa = PBXBuildFile; fileRef = 5A3D13B329F18E4D0027E25E /* RootViewModel.swift */; };
		5A3D13B629F190260027E25E /* Preview.swift in Sources */ = {isa = PBXBuildFile; fileRef = 5A3D13B529F190260027E25E /* Preview.swift */; };
		5A5E6F972A039EFD00F5EBF8 /* AVAudioSession+Ext.swift in Sources */ = {isa = PBXBuildFile; fileRef = 5A5E6F962A039EFD00F5EBF8 /* AVAudioSession+Ext.swift */; };
		5A5E6F992A03A11D00F5EBF8 /* TimeInterval+Ext.swift in Sources */ = {isa = PBXBuildFile; fileRef = 5A5E6F982A03A11D00F5EBF8 /* TimeInterval+Ext.swift */; };
		5A5E6FA52A05124700F5EBF8 /* UIImage+Ext.swift in Sources */ = {isa = PBXBuildFile; fileRef = 5A5E6FA42A05124700F5EBF8 /* UIImage+Ext.swift */; };
		5A5F956D2A00FA180041C3F6 /* TextToolsView.swift in Sources */ = {isa = PBXBuildFile; fileRef = 5A5F956C2A00FA180041C3F6 /* TextToolsView.swift */; };
		5A5F956F2A01351B0041C3F6 /* TextEditorView.swift in Sources */ = {isa = PBXBuildFile; fileRef = 5A5F956E2A01351B0041C3F6 /* TextEditorView.swift */; };
		5A5F95712A0135490041C3F6 /* TextEditorViewModel.swift in Sources */ = {isa = PBXBuildFile; fileRef = 5A5F95702A0135490041C3F6 /* TextEditorViewModel.swift */; };
		5A5F95732A0166D90041C3F6 /* Swipe.swift in Sources */ = {isa = PBXBuildFile; fileRef = 5A5F95722A0166D90041C3F6 /* Swipe.swift */; };
		5A8B3FCF29F0360B00FB9858 /* Video.swift in Sources */ = {isa = PBXBuildFile; fileRef = 5A8B3FCE29F0360B00FB9858 /* Video.swift */; };
		5ACFF96F29E944FA00827A37 /* VideoEditorSwiftUIApp.swift in Sources */ = {isa = PBXBuildFile; fileRef = 5ACFF96E29E944FA00827A37 /* VideoEditorSwiftUIApp.swift */; };
		5ACFF98129E9454200827A37 /* VideoPlayerManager.swift in Sources */ = {isa = PBXBuildFile; fileRef = 5ACFF98029E9454200827A37 /* VideoPlayerManager.swift */; };
		5ACFF98329E945C300827A37 /* MainEditorView.swift in Sources */ = {isa = PBXBuildFile; fileRef = 5ACFF98229E945C300827A37 /* MainEditorView.swift */; };
		5ACFF98529E945E000827A37 /* EditorViewModel.swift in Sources */ = {isa = PBXBuildFile; fileRef = 5ACFF98429E945E000827A37 /* EditorViewModel.swift */; };
		5ACFF98729E949A900827A37 /* VideoItem.swift in Sources */ = {isa = PBXBuildFile; fileRef = 5ACFF98629E949A900827A37 /* VideoItem.swift */; };
		5ACFF99629EC8A2400827A37 /* AVAssets+Ext.swift in Sources */ = {isa = PBXBuildFile; fileRef = 5ACFF99529EC8A2400827A37 /* AVAssets+Ext.swift */; };
		5ACFF99829ED53FB00827A37 /* View+Ext.swift in Sources */ = {isa = PBXBuildFile; fileRef = 5ACFF99729ED53FB00827A37 /* View+Ext.swift */; };
		5ACFF99D29ED5C4900827A37 /* SliderView.swift in Sources */ = {isa = PBXBuildFile; fileRef = 5ACFF99C29ED5C4900827A37 /* SliderView.swift */; };
		5ACFF99F29ED709B00827A37 /* RangeSliderView.swift in Sources */ = {isa = PBXBuildFile; fileRef = 5ACFF99E29ED709B00827A37 /* RangeSliderView.swift */; };
		5ACFF9A129ED9C4000827A37 /* CustomSlider.swift in Sources */ = {isa = PBXBuildFile; fileRef = 5ACFF9A029ED9C4000827A37 /* CustomSlider.swift */; };
		5ACFF9A929EE878500827A37 /* ToolButtonView.swift in Sources */ = {isa = PBXBuildFile; fileRef = 5ACFF9A829EE878500827A37 /* ToolButtonView.swift */; };
		5ACFF9AC29EE8B9400827A37 /* PlayerView.swift in Sources */ = {isa = PBXBuildFile; fileRef = 5ACFF9AB29EE8B9400827A37 /* PlayerView.swift */; };
		5ACFF9B029EE8C6C00827A37 /* PlayerHolderView.swift in Sources */ = {isa = PBXBuildFile; fileRef = 5ACFF9AF29EE8C6C00827A37 /* PlayerHolderView.swift */; };
		5ACFF9B229EEA93400827A37 /* ToolsSectionView.swift in Sources */ = {isa = PBXBuildFile; fileRef = 5ACFF9B129EEA93400827A37 /* ToolsSectionView.swift */; };
		5AE2A2A029F465BD003D217F /* VideoEditor.swift in Sources */ = {isa = PBXBuildFile; fileRef = 5AE2A29F29F465BD003D217F /* VideoEditor.swift */; };
		5AE2A2A229F66EE9003D217F /* VideoExporterBottomSheetView.swift in Sources */ = {isa = PBXBuildFile; fileRef = 5AE2A2A129F66EE9003D217F /* VideoExporterBottomSheetView.swift */; };
		5AE2A2A629F6A949003D217F /* VideoQuality.swift in Sources */ = {isa = PBXBuildFile; fileRef = 5AE2A2A529F6A949003D217F /* VideoQuality.swift */; };
		5AE2A2A829F6BA29003D217F /* ExporterViewModel.swift in Sources */ = {isa = PBXBuildFile; fileRef = 5AE2A2A729F6BA29003D217F /* ExporterViewModel.swift */; };
		5AFA25C629FA7D9300B820D0 /* Color.swift in Sources */ = {isa = PBXBuildFile; fileRef = 5AFA25C529FA7D9300B820D0 /* Color.swift */; };
		5AFA25C829FC186F00B820D0 /* TextBox.swift in Sources */ = {isa = PBXBuildFile; fileRef = 5AFA25C729FC186F00B820D0 /* TextBox.swift */; };
		F408C7812E407AB60091D316 /* TextToolbar.swift in Sources */ = {isa = PBXBuildFile; fileRef = F408C7802E407AB60091D316 /* TextToolbar.swift */; };
		F418B72B2E40919D0021E298 /* VideoPlayerSize.swift in Sources */ = {isa = PBXBuildFile; fileRef = F418B72A2E40919D0021E298 /* VideoPlayerSize.swift */; };
		F420A4D12E3F807200D0763E /* RulerView.swift in Sources */ = {isa = PBXBuildFile; fileRef = F420A4D02E3F807200D0763E /* RulerView.swift */; };
		F42230F42E350697001CCAE5 /* TranscriptionModels.swift in Sources */ = {isa = PBXBuildFile; fileRef = F42230F32E350697001CCAE5 /* TranscriptionModels.swift */; };
		F42364982E3698A100057C86 /* GridTestView.swift in Sources */ = {isa = PBXBuildFile; fileRef = F42364972E3698A100057C86 /* GridTestView.swift */; };
		F423649A2E373F0500057C86 /* WordTimelineSlider.swift in Sources */ = {isa = PBXBuildFile; fileRef = F42364992E373F0500057C86 /* WordTimelineSlider.swift */; };
		F4486D892E4B3DA7002A8A12 /* LaunchScreen.storyboard in Resources */ = {isa = PBXBuildFile; fileRef = F4486D882E4B3DA7002A8A12 /* LaunchScreen.storyboard */; };
		F459F7772E34D32C006E9DD1 /* KaraokeSubsHelper.swift in Sources */ = {isa = PBXBuildFile; fileRef = F459F7762E34D32C006E9DD1 /* KaraokeSubsHelper.swift */; };
		F459F77B2E34D970006E9DD1 /* TranscriptionHelper.swift in Sources */ = {isa = PBXBuildFile; fileRef = F459F77A2E34D970006E9DD1 /* TranscriptionHelper.swift */; };
		F459F77F2E34E5FC006E9DD1 /* InteractiveVerticalScrubber.swift in Sources */ = {isa = PBXBuildFile; fileRef = F459F77E2E34E5FC006E9DD1 /* InteractiveVerticalScrubber.swift */; };
		F4727B702E37E6130072FBE6 /* PlayheadView.swift in Sources */ = {isa = PBXBuildFile; fileRef = F4727B6F2E37E6130072FBE6 /* PlayheadView.swift */; };
		F4740A002E4CEB1400AEF471 /* TakeoverView.swift in Sources */ = {isa = PBXBuildFile; fileRef = F47409FF2E4CEB1400AEF471 /* TakeoverView.swift */; };
		F4740A022E4CEB7E00AEF471 /* TakeoverManager.swift in Sources */ = {isa = PBXBuildFile; fileRef = F4740A012E4CEB7E00AEF471 /* TakeoverManager.swift */; };
		F4740A042E4CEB8300AEF471 /* TakeoverExamples.swift in Sources */ = {isa = PBXBuildFile; fileRef = F4740A032E4CEB8300AEF471 /* TakeoverExamples.swift */; };
		F4776F712E4DA3460040D6AB /* PermissionsSwiftUIPhoto in Frameworks */ = {isa = PBXBuildFile; productRef = F4776F702E4DA3460040D6AB /* PermissionsSwiftUIPhoto */; };
		F480993B2E4A20AD00E9D936 /* RevenueCat in Frameworks */ = {isa = PBXBuildFile; productRef = F480993A2E4A20AD00E9D936 /* RevenueCat */; };
		F480993D2E4A20AD00E9D936 /* RevenueCatUI in Frameworks */ = {isa = PBXBuildFile; productRef = F480993C2E4A20AD00E9D936 /* RevenueCatUI */; };
		F48099402E4A258200E9D936 /* RevenueCatManager.swift in Sources */ = {isa = PBXBuildFile; fileRef = F480993F2E4A258200E9D936 /* RevenueCatManager.swift */; };
		F48099432E4A27EF00E9D936 /* RevenueCatConfig.storekit in Resources */ = {isa = PBXBuildFile; fileRef = F48099422E4A27EF00E9D936 /* RevenueCatConfig.storekit */; };
		F48099B02E4B1B5F00E9D936 /* AlreadySubscribedView.swift in Sources */ = {isa = PBXBuildFile; fileRef = F48099AC2E4B1B5F00E9D936 /* AlreadySubscribedView.swift */; };
		F48099B12E4B1B5F00E9D936 /* SubscriptionSuccessView.swift in Sources */ = {isa = PBXBuildFile; fileRef = F48099AE2E4B1B5F00E9D936 /* SubscriptionSuccessView.swift */; };
		F48099B22E4B1B5F00E9D936 /* NoVideosLeftView.swift in Sources */ = {isa = PBXBuildFile; fileRef = F48099AD2E4B1B5F00E9D936 /* NoVideosLeftView.swift */; };
		F485E5372E49EB64007A680B /* ConfigurationManager.swift in Sources */ = {isa = PBXBuildFile; fileRef = F485E5362E49EB64007A680B /* ConfigurationManager.swift */; };
		F485E5392E49EB81007A680B /* ConfigurationManager+Extensions.swift in Sources */ = {isa = PBXBuildFile; fileRef = F485E5382E49EB81007A680B /* ConfigurationManager+Extensions.swift */; };
		F485E53B2E4A0589007A680B /* SubscriptionModel.swift in Sources */ = {isa = PBXBuildFile; fileRef = F485E53A2E4A0589007A680B /* SubscriptionModel.swift */; };
		F485E53D2E4A05B0007A680B /* SubscriptionManager.swift in Sources */ = {isa = PBXBuildFile; fileRef = F485E53C2E4A05B0007A680B /* SubscriptionManager.swift */; };
		F486E3492E43A37F000749B8 /* TextOnPlayerView.swift in Sources */ = {isa = PBXBuildFile; fileRef = F486E3482E43A37F000749B8 /* TextOnPlayerView.swift */; };
		F48A90912E4876840031E9DF /* BottomSheetView.swift in Sources */ = {isa = PBXBuildFile; fileRef = F48A90902E4876840031E9DF /* BottomSheetView.swift */; };
		F48A90932E487EB40031E9DF /* LanguagePickerSheet.swift in Sources */ = {isa = PBXBuildFile; fileRef = F48A90922E487EB40031E9DF /* LanguagePickerSheet.swift */; };
		F48A90992E4893290031E9DF /* RootView+Extensions.swift in Sources */ = {isa = PBXBuildFile; fileRef = F48A90982E4893290031E9DF /* RootView+Extensions.swift */; };
		F48D1AEB2E50770900F9BF8F /* AudioExtractor.swift in Sources */ = {isa = PBXBuildFile; fileRef = F48D1AEA2E50770900F9BF8F /* AudioExtractor.swift */; };
		F48D1AF02E50788200F9BF8F /* PresetsListView.swift in Sources */ = {isa = PBXBuildFile; fileRef = F48D1AEE2E50788200F9BF8F /* PresetsListView.swift */; };
		F48D1AF12E50788200F9BF8F /* PresetPreviewView.swift in Sources */ = {isa = PBXBuildFile; fileRef = F48D1AED2E50788200F9BF8F /* PresetPreviewView.swift */; };
		F48D1AF22E50788200F9BF8F /* KaraokeColorSelectionView.swift in Sources */ = {isa = PBXBuildFile; fileRef = F48D1AEC2E50788200F9BF8F /* KaraokeColorSelectionView.swift */; };
		F4A4B7892E40DABC00016ED9 /* StyleEditorView.swift in Sources */ = {isa = PBXBuildFile; fileRef = F4A4B7872E40DABC00016ED9 /* StyleEditorView.swift */; };
		F4AFDAE82E3BD87400D3466A /* TimelineSliderUtils.swift in Sources */ = {isa = PBXBuildFile; fileRef = F4AFDAE72E3BD87400D3466A /* TimelineSliderUtils.swift */; };
		F4D376862E4B35DA0056C00B /* Assets.xcassets in Resources */ = {isa = PBXBuildFile; fileRef = F4D376852E4B35DA0056C00B /* Assets.xcassets */; };
		F4D67B712E47C46700164273 /* SubtitleGenerationLoader.swift in Sources */ = {isa = PBXBuildFile; fileRef = F4D67B702E47C46700164273 /* SubtitleGenerationLoader.swift */; };
		F4E9C1C12E4C4FB000DD5330 /* TextSizingHelper.swift in Sources */ = {isa = PBXBuildFile; fileRef = F4E9C1C02E4C4FB000DD5330 /* TextSizingHelper.swift */; };
/* End PBXBuildFile section */

/* Begin PBXFileReference section */
		5A08FC7329EFD5E400AB877C /* NewTimelineSlider.swift */ = {isa = PBXFileReference; lastKnownFileType = sourcecode.swift; path = NewTimelineSlider.swift; sourceTree = "<group>"; };
		5A17E08829F1744100DB4A47 /* RootView.swift */ = {isa = PBXFileReference; lastKnownFileType = sourcecode.swift; path = RootView.swift; sourceTree = "<group>"; };
		5A3D13A729F184000027E25E /* PersistenceController.swift */ = {isa = PBXFileReference; lastKnownFileType = sourcecode.swift; path = PersistenceController.swift; sourceTree = "<group>"; };
		5A3D13AB29F184330027E25E /* CoreDataContainer.xcdatamodel */ = {isa = PBXFileReference; lastKnownFileType = wrapper.xcdatamodel; path = CoreDataContainer.xcdatamodel; sourceTree = "<group>"; };
		5A3D13AD29F185400027E25E /* FileManager.swift */ = {isa = PBXFileReference; lastKnownFileType = sourcecode.swift; path = FileManager.swift; sourceTree = "<group>"; };
		5A3D13AF29F186160027E25E /* CoreDataManager.swift */ = {isa = PBXFileReference; lastKnownFileType = sourcecode.swift; path = CoreDataManager.swift; sourceTree = "<group>"; };
		5A3D13B129F187960027E25E /* ProjectEntity+Ext.swift */ = {isa = PBXFileReference; lastKnownFileType = sourcecode.swift; path = "ProjectEntity+Ext.swift"; sourceTree = "<group>"; };
		5A3D13B329F18E4D0027E25E /* RootViewModel.swift */ = {isa = PBXFileReference; lastKnownFileType = sourcecode.swift; path = RootViewModel.swift; sourceTree = "<group>"; };
		5A3D13B529F190260027E25E /* Preview.swift */ = {isa = PBXFileReference; lastKnownFileType = sourcecode.swift; path = Preview.swift; sourceTree = "<group>"; };
		5A5E6F962A039EFD00F5EBF8 /* AVAudioSession+Ext.swift */ = {isa = PBXFileReference; lastKnownFileType = sourcecode.swift; path = "AVAudioSession+Ext.swift"; sourceTree = "<group>"; };
		5A5E6F982A03A11D00F5EBF8 /* TimeInterval+Ext.swift */ = {isa = PBXFileReference; lastKnownFileType = sourcecode.swift; path = "TimeInterval+Ext.swift"; sourceTree = "<group>"; };
		5A5E6FA42A05124700F5EBF8 /* UIImage+Ext.swift */ = {isa = PBXFileReference; lastKnownFileType = sourcecode.swift; path = "UIImage+Ext.swift"; sourceTree = "<group>"; };
		5A5F956C2A00FA180041C3F6 /* TextToolsView.swift */ = {isa = PBXFileReference; lastKnownFileType = sourcecode.swift; path = TextToolsView.swift; sourceTree = "<group>"; };
		5A5F956E2A01351B0041C3F6 /* TextEditorView.swift */ = {isa = PBXFileReference; lastKnownFileType = sourcecode.swift; path = TextEditorView.swift; sourceTree = "<group>"; };
		5A5F95702A0135490041C3F6 /* TextEditorViewModel.swift */ = {isa = PBXFileReference; lastKnownFileType = sourcecode.swift; path = TextEditorViewModel.swift; sourceTree = "<group>"; };
		5A5F95722A0166D90041C3F6 /* Swipe.swift */ = {isa = PBXFileReference; lastKnownFileType = sourcecode.swift; path = Swipe.swift; sourceTree = "<group>"; };
		5A8B3FCE29F0360B00FB9858 /* Video.swift */ = {isa = PBXFileReference; lastKnownFileType = sourcecode.swift; path = Video.swift; sourceTree = "<group>"; };
		5ACFF96B29E944FA00827A37 /* KaptionedV2.app */ = {isa = PBXFileReference; explicitFileType = wrapper.application; includeInIndex = 0; path = KaptionedV2.app; sourceTree = BUILT_PRODUCTS_DIR; };
		5ACFF96E29E944FA00827A37 /* VideoEditorSwiftUIApp.swift */ = {isa = PBXFileReference; lastKnownFileType = sourcecode.swift; path = VideoEditorSwiftUIApp.swift; sourceTree = "<group>"; };
		5ACFF98029E9454200827A37 /* VideoPlayerManager.swift */ = {isa = PBXFileReference; lastKnownFileType = sourcecode.swift; path = VideoPlayerManager.swift; sourceTree = "<group>"; };
		5ACFF98229E945C300827A37 /* MainEditorView.swift */ = {isa = PBXFileReference; lastKnownFileType = sourcecode.swift; path = MainEditorView.swift; sourceTree = "<group>"; };
		5ACFF98429E945E000827A37 /* EditorViewModel.swift */ = {isa = PBXFileReference; lastKnownFileType = sourcecode.swift; path = EditorViewModel.swift; sourceTree = "<group>"; };
		5ACFF98629E949A900827A37 /* VideoItem.swift */ = {isa = PBXFileReference; lastKnownFileType = sourcecode.swift; path = VideoItem.swift; sourceTree = "<group>"; };
		5ACFF99529EC8A2400827A37 /* AVAssets+Ext.swift */ = {isa = PBXFileReference; lastKnownFileType = sourcecode.swift; path = "AVAssets+Ext.swift"; sourceTree = "<group>"; };
		5ACFF99729ED53FB00827A37 /* View+Ext.swift */ = {isa = PBXFileReference; lastKnownFileType = sourcecode.swift; path = "View+Ext.swift"; sourceTree = "<group>"; };
		5ACFF99C29ED5C4900827A37 /* SliderView.swift */ = {isa = PBXFileReference; lastKnownFileType = sourcecode.swift; path = SliderView.swift; sourceTree = "<group>"; };
		5ACFF99E29ED709B00827A37 /* RangeSliderView.swift */ = {isa = PBXFileReference; lastKnownFileType = sourcecode.swift; path = RangeSliderView.swift; sourceTree = "<group>"; };
		5ACFF9A029ED9C4000827A37 /* CustomSlider.swift */ = {isa = PBXFileReference; lastKnownFileType = sourcecode.swift; path = CustomSlider.swift; sourceTree = "<group>"; };
		5ACFF9A829EE878500827A37 /* ToolButtonView.swift */ = {isa = PBXFileReference; lastKnownFileType = sourcecode.swift; path = ToolButtonView.swift; sourceTree = "<group>"; };
		5ACFF9AB29EE8B9400827A37 /* PlayerView.swift */ = {isa = PBXFileReference; lastKnownFileType = sourcecode.swift; path = PlayerView.swift; sourceTree = "<group>"; };
		5ACFF9AF29EE8C6C00827A37 /* PlayerHolderView.swift */ = {isa = PBXFileReference; lastKnownFileType = sourcecode.swift; path = PlayerHolderView.swift; sourceTree = "<group>"; };
		5ACFF9B129EEA93400827A37 /* ToolsSectionView.swift */ = {isa = PBXFileReference; lastKnownFileType = sourcecode.swift; path = ToolsSectionView.swift; sourceTree = "<group>"; };
		5AE2A29F29F465BD003D217F /* VideoEditor.swift */ = {isa = PBXFileReference; lastKnownFileType = sourcecode.swift; path = VideoEditor.swift; sourceTree = "<group>"; };
		5AE2A2A129F66EE9003D217F /* VideoExporterBottomSheetView.swift */ = {isa = PBXFileReference; lastKnownFileType = sourcecode.swift; path = VideoExporterBottomSheetView.swift; sourceTree = "<group>"; };
		5AE2A2A529F6A949003D217F /* VideoQuality.swift */ = {isa = PBXFileReference; lastKnownFileType = sourcecode.swift; path = VideoQuality.swift; sourceTree = "<group>"; };
		5AE2A2A729F6BA29003D217F /* ExporterViewModel.swift */ = {isa = PBXFileReference; lastKnownFileType = sourcecode.swift; path = ExporterViewModel.swift; sourceTree = "<group>"; };
		5AFA25C529FA7D9300B820D0 /* Color.swift */ = {isa = PBXFileReference; lastKnownFileType = sourcecode.swift; path = Color.swift; sourceTree = "<group>"; };
		5AFA25C729FC186F00B820D0 /* TextBox.swift */ = {isa = PBXFileReference; lastKnownFileType = sourcecode.swift; path = TextBox.swift; sourceTree = "<group>"; };
		F408C7802E407AB60091D316 /* TextToolbar.swift */ = {isa = PBXFileReference; lastKnownFileType = sourcecode.swift; path = TextToolbar.swift; sourceTree = "<group>"; };
		F418B72A2E40919D0021E298 /* VideoPlayerSize.swift */ = {isa = PBXFileReference; lastKnownFileType = sourcecode.swift; path = VideoPlayerSize.swift; sourceTree = "<group>"; };
		F420A4D02E3F807200D0763E /* RulerView.swift */ = {isa = PBXFileReference; lastKnownFileType = sourcecode.swift; path = RulerView.swift; sourceTree = "<group>"; };
		F42230F32E350697001CCAE5 /* TranscriptionModels.swift */ = {isa = PBXFileReference; lastKnownFileType = sourcecode.swift; path = TranscriptionModels.swift; sourceTree = "<group>"; };
		F42364972E3698A100057C86 /* GridTestView.swift */ = {isa = PBXFileReference; lastKnownFileType = sourcecode.swift; path = GridTestView.swift; sourceTree = "<group>"; };
		F42364992E373F0500057C86 /* WordTimelineSlider.swift */ = {isa = PBXFileReference; lastKnownFileType = sourcecode.swift; path = WordTimelineSlider.swift; sourceTree = "<group>"; };
		F4486D882E4B3DA7002A8A12 /* LaunchScreen.storyboard */ = {isa = PBXFileReference; lastKnownFileType = file.storyboard; path = LaunchScreen.storyboard; sourceTree = "<group>"; };
		F459F7762E34D32C006E9DD1 /* KaraokeSubsHelper.swift */ = {isa = PBXFileReference; lastKnownFileType = sourcecode.swift; path = KaraokeSubsHelper.swift; sourceTree = "<group>"; };
		F459F77A2E34D970006E9DD1 /* TranscriptionHelper.swift */ = {isa = PBXFileReference; lastKnownFileType = sourcecode.swift; path = TranscriptionHelper.swift; sourceTree = "<group>"; };
		F459F77E2E34E5FC006E9DD1 /* InteractiveVerticalScrubber.swift */ = {isa = PBXFileReference; lastKnownFileType = sourcecode.swift; path = InteractiveVerticalScrubber.swift; sourceTree = "<group>"; };
		F4727B6F2E37E6130072FBE6 /* PlayheadView.swift */ = {isa = PBXFileReference; lastKnownFileType = sourcecode.swift; path = PlayheadView.swift; sourceTree = "<group>"; };
		F47409FF2E4CEB1400AEF471 /* TakeoverView.swift */ = {isa = PBXFileReference; lastKnownFileType = sourcecode.swift; path = TakeoverView.swift; sourceTree = "<group>"; };
		F4740A012E4CEB7E00AEF471 /* TakeoverManager.swift */ = {isa = PBXFileReference; lastKnownFileType = sourcecode.swift; path = TakeoverManager.swift; sourceTree = "<group>"; };
		F4740A032E4CEB8300AEF471 /* TakeoverExamples.swift */ = {isa = PBXFileReference; lastKnownFileType = sourcecode.swift; path = TakeoverExamples.swift; sourceTree = "<group>"; };
		F480993F2E4A258200E9D936 /* RevenueCatManager.swift */ = {isa = PBXFileReference; lastKnownFileType = sourcecode.swift; path = RevenueCatManager.swift; sourceTree = "<group>"; };
		F48099422E4A27EF00E9D936 /* RevenueCatConfig.storekit */ = {isa = PBXFileReference; lastKnownFileType = text; path = RevenueCatConfig.storekit; sourceTree = "<group>"; };
		F48099AC2E4B1B5F00E9D936 /* AlreadySubscribedView.swift */ = {isa = PBXFileReference; lastKnownFileType = sourcecode.swift; path = AlreadySubscribedView.swift; sourceTree = "<group>"; };
		F48099AD2E4B1B5F00E9D936 /* NoVideosLeftView.swift */ = {isa = PBXFileReference; lastKnownFileType = sourcecode.swift; path = NoVideosLeftView.swift; sourceTree = "<group>"; };
		F48099AE2E4B1B5F00E9D936 /* SubscriptionSuccessView.swift */ = {isa = PBXFileReference; lastKnownFileType = sourcecode.swift; path = SubscriptionSuccessView.swift; sourceTree = "<group>"; };
		F485E5362E49EB64007A680B /* ConfigurationManager.swift */ = {isa = PBXFileReference; lastKnownFileType = sourcecode.swift; path = ConfigurationManager.swift; sourceTree = "<group>"; };
		F485E5382E49EB81007A680B /* ConfigurationManager+Extensions.swift */ = {isa = PBXFileReference; lastKnownFileType = sourcecode.swift; path = "ConfigurationManager+Extensions.swift"; sourceTree = "<group>"; };
		F485E53A2E4A0589007A680B /* SubscriptionModel.swift */ = {isa = PBXFileReference; lastKnownFileType = sourcecode.swift; path = SubscriptionModel.swift; sourceTree = "<group>"; };
		F485E53C2E4A05B0007A680B /* SubscriptionManager.swift */ = {isa = PBXFileReference; lastKnownFileType = sourcecode.swift; path = SubscriptionManager.swift; sourceTree = "<group>"; };
		F486E3482E43A37F000749B8 /* TextOnPlayerView.swift */ = {isa = PBXFileReference; lastKnownFileType = sourcecode.swift; path = TextOnPlayerView.swift; sourceTree = "<group>"; };
		F48A90902E4876840031E9DF /* BottomSheetView.swift */ = {isa = PBXFileReference; lastKnownFileType = sourcecode.swift; path = BottomSheetView.swift; sourceTree = "<group>"; };
		F48A90922E487EB40031E9DF /* LanguagePickerSheet.swift */ = {isa = PBXFileReference; lastKnownFileType = sourcecode.swift; path = LanguagePickerSheet.swift; sourceTree = "<group>"; };
		F48A90982E4893290031E9DF /* RootView+Extensions.swift */ = {isa = PBXFileReference; lastKnownFileType = sourcecode.swift; path = "RootView+Extensions.swift"; sourceTree = "<group>"; };
		F48D1AEA2E50770900F9BF8F /* AudioExtractor.swift */ = {isa = PBXFileReference; lastKnownFileType = sourcecode.swift; path = AudioExtractor.swift; sourceTree = "<group>"; };
		F48D1AEC2E50788200F9BF8F /* KaraokeColorSelectionView.swift */ = {isa = PBXFileReference; lastKnownFileType = sourcecode.swift; path = KaraokeColorSelectionView.swift; sourceTree = "<group>"; };
		F48D1AED2E50788200F9BF8F /* PresetPreviewView.swift */ = {isa = PBXFileReference; lastKnownFileType = sourcecode.swift; path = PresetPreviewView.swift; sourceTree = "<group>"; };
		F48D1AEE2E50788200F9BF8F /* PresetsListView.swift */ = {isa = PBXFileReference; lastKnownFileType = sourcecode.swift; path = PresetsListView.swift; sourceTree = "<group>"; };
		F4A4B7872E40DABC00016ED9 /* StyleEditorView.swift */ = {isa = PBXFileReference; lastKnownFileType = sourcecode.swift; path = StyleEditorView.swift; sourceTree = "<group>"; };
		F4AFDAE72E3BD87400D3466A /* TimelineSliderUtils.swift */ = {isa = PBXFileReference; lastKnownFileType = sourcecode.swift; path = TimelineSliderUtils.swift; sourceTree = "<group>"; };
		F4D376852E4B35DA0056C00B /* Assets.xcassets */ = {isa = PBXFileReference; lastKnownFileType = folder.assetcatalog; path = Assets.xcassets; sourceTree = "<group>"; };
		F4D67B702E47C46700164273 /* SubtitleGenerationLoader.swift */ = {isa = PBXFileReference; lastKnownFileType = sourcecode.swift; path = SubtitleGenerationLoader.swift; sourceTree = "<group>"; };
		F4E9C1C02E4C4FB000DD5330 /* TextSizingHelper.swift */ = {isa = PBXFileReference; lastKnownFileType = sourcecode.swift; path = TextSizingHelper.swift; sourceTree = "<group>"; };
/* End PBXFileReference section */

/* Begin PBXFrameworksBuildPhase section */
		5ACFF96829E944FA00827A37 /* Frameworks */ = {
			isa = PBXFrameworksBuildPhase;
			buildActionMask = 2147483647;
			files = (
				F480993D2E4A20AD00E9D936 /* RevenueCatUI in Frameworks */,
				F480993B2E4A20AD00E9D936 /* RevenueCat in Frameworks */,
				F4776F712E4DA3460040D6AB /* PermissionsSwiftUIPhoto in Frameworks */,
			);
			runOnlyForDeploymentPostprocessing = 0;
		};
/* End PBXFrameworksBuildPhase section */

/* Begin PBXGroup section */
		5A17E08729F1743500DB4A47 /* RootView */ = {
			isa = PBXGroup;
			children = (
				F48A90982E4893290031E9DF /* RootView+Extensions.swift */,
				5A17E08829F1744100DB4A47 /* RootView.swift */,
			);
			path = RootView;
			sourceTree = "<group>";
		};
		5A17E08A29F1804B00DB4A47 /* CoreData */ = {
			isa = PBXGroup;
			children = (
				5A3D13A729F184000027E25E /* PersistenceController.swift */,
				5A3D13AA29F184330027E25E /* CoreDataContainer.xcdatamodeld */,
				5A3D13AF29F186160027E25E /* CoreDataManager.swift */,
				5A3D13B129F187960027E25E /* ProjectEntity+Ext.swift */,
			);
			path = CoreData;
			sourceTree = "<group>";
		};
		5A5F95692A004BBF0041C3F6 /* Text */ = {
			isa = PBXGroup;
			children = (
				5A5F956C2A00FA180041C3F6 /* TextToolsView.swift */,
				F408C7802E407AB60091D316 /* TextToolbar.swift */,
				F486E3482E43A37F000749B8 /* TextOnPlayerView.swift */,
				F459F77E2E34E5FC006E9DD1 /* InteractiveVerticalScrubber.swift */,
				5A5F956E2A01351B0041C3F6 /* TextEditorView.swift */,
			);
			path = Text;
			sourceTree = "<group>";
		};
		5A9EDCFE29F03D800014A1CF /* ToolsView */ = {
			isa = PBXGroup;
			children = (
				F48D1AEF2E50788200F9BF8F /* Templates */,
				F4A4B7882E40DABC00016ED9 /* Style */,
				5A5F95692A004BBF0041C3F6 /* Text */,
				5ACFF9B129EEA93400827A37 /* ToolsSectionView.swift */,
			);
			path = ToolsView;
			sourceTree = "<group>";
		};
		5ACFF96229E944FA00827A37 = {
			isa = PBXGroup;
			children = (
				F4486D882E4B3DA7002A8A12 /* LaunchScreen.storyboard */,
				F4D376852E4B35DA0056C00B /* Assets.xcassets */,
				5ACFF96D29E944FA00827A37 /* KaptionedV2 */,
				5ACFF96C29E944FA00827A37 /* Products */,
			);
			sourceTree = "<group>";
		};
		5ACFF96C29E944FA00827A37 /* Products */ = {
			isa = PBXGroup;
			children = (
				5ACFF96B29E944FA00827A37 /* KaptionedV2.app */,
			);
			name = Products;
			sourceTree = "<group>";
		};
		5ACFF96D29E944FA00827A37 /* KaptionedV2 */ = {
			isa = PBXGroup;
			children = (
				F48099422E4A27EF00E9D936 /* RevenueCatConfig.storekit */,
				5AE2A29D29F4656C003D217F /* Utils */,
				5ACFF97F29E9451B00827A37 /* ViewModels */,
				5ACFF97E29E9451800827A37 /* Models */,
				5ACFF97D29E9451100827A37 /* Views */,
				5ACFF97C29E9450000827A37 /* Service */,
				5ACFF96E29E944FA00827A37 /* VideoEditorSwiftUIApp.swift */,
			);
			path = KaptionedV2;
			sourceTree = "<group>";
		};
		5ACFF97C29E9450000827A37 /* Service */ = {
			isa = PBXGroup;
			children = (
				5A17E08A29F1804B00DB4A47 /* CoreData */,
				5ACFF99329EC89FD00827A37 /* Player */,
			);
			path = Service;
			sourceTree = "<group>";
		};
		5ACFF97D29E9451100827A37 /* Views */ = {
			isa = PBXGroup;
			children = (
				F48099AF2E4B1B5F00E9D936 /* Subscriptions */,
				5A17E08729F1743500DB4A47 /* RootView */,
				5ACFF99B29ED5C3500827A37 /* ViewComponents */,
				5A9EDCFE29F03D800014A1CF /* ToolsView */,
				5ACFF9AD29EE8C1D00827A37 /* EditorView */,
			);
			path = Views;
			sourceTree = "<group>";
		};
		5ACFF97E29E9451800827A37 /* Models */ = {
			isa = PBXGroup;
			children = (
				5ACFF98629E949A900827A37 /* VideoItem.swift */,
				5A8B3FCE29F0360B00FB9858 /* Video.swift */,
				F485E53A2E4A0589007A680B /* SubscriptionModel.swift */,
				F42230F32E350697001CCAE5 /* TranscriptionModels.swift */,
				5AE2A2A529F6A949003D217F /* VideoQuality.swift */,
				F418B72A2E40919D0021E298 /* VideoPlayerSize.swift */,
				5AFA25C729FC186F00B820D0 /* TextBox.swift */,
			);
			path = Models;
			sourceTree = "<group>";
		};
		5ACFF97F29E9451B00827A37 /* ViewModels */ = {
			isa = PBXGroup;
			children = (
				5ACFF98429E945E000827A37 /* EditorViewModel.swift */,
				5A3D13B329F18E4D0027E25E /* RootViewModel.swift */,
				5AE2A2A729F6BA29003D217F /* ExporterViewModel.swift */,
				5A5F95702A0135490041C3F6 /* TextEditorViewModel.swift */,
			);
			path = ViewModels;
			sourceTree = "<group>";
		};
		5ACFF99329EC89FD00827A37 /* Player */ = {
			isa = PBXGroup;
			children = (
				5ACFF98029E9454200827A37 /* VideoPlayerManager.swift */,
			);
			path = Player;
			sourceTree = "<group>";
		};
		5ACFF99429EC8A0F00827A37 /* Extensions */ = {
			isa = PBXGroup;
			children = (
				5ACFF99529EC8A2400827A37 /* AVAssets+Ext.swift */,
				5ACFF99729ED53FB00827A37 /* View+Ext.swift */,
				5A3D13AD29F185400027E25E /* FileManager.swift */,
				F485E5382E49EB81007A680B /* ConfigurationManager+Extensions.swift */,
				5A3D13B529F190260027E25E /* Preview.swift */,
				5AFA25C529FA7D9300B820D0 /* Color.swift */,
				5A5E6F962A039EFD00F5EBF8 /* AVAudioSession+Ext.swift */,
				5A5E6F982A03A11D00F5EBF8 /* TimeInterval+Ext.swift */,
				5A5E6FA42A05124700F5EBF8 /* UIImage+Ext.swift */,
			);
			path = Extensions;
			sourceTree = "<group>";
		};
		5ACFF99B29ED5C3500827A37 /* ViewComponents */ = {
			isa = PBXGroup;
			children = (
				F47409FF2E4CEB1400AEF471 /* TakeoverView.swift */,
				F48A90922E487EB40031E9DF /* LanguagePickerSheet.swift */,
				F48A90902E4876840031E9DF /* BottomSheetView.swift */,
				5ACFF9AA29EE8B8500827A37 /* Player */,
				5ACFF9A729EE876D00827A37 /* Sliders */,
				5ACFF9A629EE876900827A37 /* Buttons */,
			);
			path = ViewComponents;
			sourceTree = "<group>";
		};
		5ACFF9A629EE876900827A37 /* Buttons */ = {
			isa = PBXGroup;
			children = (
				F4D67B702E47C46700164273 /* SubtitleGenerationLoader.swift */,
				5ACFF9A829EE878500827A37 /* ToolButtonView.swift */,
			);
			path = Buttons;
			sourceTree = "<group>";
		};
		5ACFF9A729EE876D00827A37 /* Sliders */ = {
			isa = PBXGroup;
			children = (
				F4AFDAE72E3BD87400D3466A /* TimelineSliderUtils.swift */,
				F420A4D02E3F807200D0763E /* RulerView.swift */,
				F42364992E373F0500057C86 /* WordTimelineSlider.swift */,
				5ACFF9A029ED9C4000827A37 /* CustomSlider.swift */,
				5ACFF99E29ED709B00827A37 /* RangeSliderView.swift */,
				5ACFF99C29ED5C4900827A37 /* SliderView.swift */,
				5A08FC7329EFD5E400AB877C /* NewTimelineSlider.swift */,
			);
			path = Sliders;
			sourceTree = "<group>";
		};
		5ACFF9AA29EE8B8500827A37 /* Player */ = {
			isa = PBXGroup;
			children = (
				F4727B6F2E37E6130072FBE6 /* PlayheadView.swift */,
				5ACFF9AB29EE8B9400827A37 /* PlayerView.swift */,
			);
			path = Player;
			sourceTree = "<group>";
		};
		5ACFF9AD29EE8C1D00827A37 /* EditorView */ = {
			isa = PBXGroup;
			children = (
				F42364972E3698A100057C86 /* GridTestView.swift */,
				5ACFF98229E945C300827A37 /* MainEditorView.swift */,
				5ACFF9AF29EE8C6C00827A37 /* PlayerHolderView.swift */,
				5AE2A2A129F66EE9003D217F /* VideoExporterBottomSheetView.swift */,
				5A5F95722A0166D90041C3F6 /* Swipe.swift */,
			);
			path = EditorView;
			sourceTree = "<group>";
		};
		5AE2A29D29F4656C003D217F /* Utils */ = {
			isa = PBXGroup;
			children = (
				5AE2A29E29F46578003D217F /* Helpers */,
				5ACFF99429EC8A0F00827A37 /* Extensions */,
			);
			path = Utils;
			sourceTree = "<group>";
		};
		5AE2A29E29F46578003D217F /* Helpers */ = {
			isa = PBXGroup;
			children = (
				F485E5362E49EB64007A680B /* ConfigurationManager.swift */,
				F48D1AEA2E50770900F9BF8F /* AudioExtractor.swift */,
				F4E9C1C02E4C4FB000DD5330 /* TextSizingHelper.swift */,
				F4740A032E4CEB8300AEF471 /* TakeoverExamples.swift */,
				F480993F2E4A258200E9D936 /* RevenueCatManager.swift */,
				F4740A012E4CEB7E00AEF471 /* TakeoverManager.swift */,
				F485E53C2E4A05B0007A680B /* SubscriptionManager.swift */,
				F459F7762E34D32C006E9DD1 /* KaraokeSubsHelper.swift */,
				F459F77A2E34D970006E9DD1 /* TranscriptionHelper.swift */,
				5AE2A29F29F465BD003D217F /* VideoEditor.swift */,
			);
			path = Helpers;
			sourceTree = "<group>";
		};
		F48099AF2E4B1B5F00E9D936 /* Subscriptions */ = {
			isa = PBXGroup;
			children = (
				F48099AC2E4B1B5F00E9D936 /* AlreadySubscribedView.swift */,
				F48099AD2E4B1B5F00E9D936 /* NoVideosLeftView.swift */,
				F48099AE2E4B1B5F00E9D936 /* SubscriptionSuccessView.swift */,
			);
			path = Subscriptions;
			sourceTree = "<group>";
		};
		F48D1AEF2E50788200F9BF8F /* Templates */ = {
			isa = PBXGroup;
			children = (
				F48D1AEC2E50788200F9BF8F /* KaraokeColorSelectionView.swift */,
				F48D1AED2E50788200F9BF8F /* PresetPreviewView.swift */,
				F48D1AEE2E50788200F9BF8F /* PresetsListView.swift */,
			);
			path = Templates;
			sourceTree = "<group>";
		};
		F4A4B7882E40DABC00016ED9 /* Style */ = {
			isa = PBXGroup;
			children = (
				F4A4B7872E40DABC00016ED9 /* StyleEditorView.swift */,
			);
			path = Style;
			sourceTree = "<group>";
		};
/* End PBXGroup section */

/* Begin PBXNativeTarget section */
		5ACFF96A29E944FA00827A37 /* KaptionedV2 */ = {
			isa = PBXNativeTarget;
			buildConfigurationList = 5ACFF97929E944FC00827A37 /* Build configuration list for PBXNativeTarget "KaptionedV2" */;
			buildPhases = (
				5ACFF96729E944FA00827A37 /* Sources */,
				5ACFF96829E944FA00827A37 /* Frameworks */,
				5ACFF96929E944FA00827A37 /* Resources */,
			);
			buildRules = (
			);
			dependencies = (
			);
			name = KaptionedV2;
			productName = VideoEditorSwiftUI;
			productReference = 5ACFF96B29E944FA00827A37 /* KaptionedV2.app */;
			productType = "com.apple.product-type.application";
		};
/* End PBXNativeTarget section */

/* Begin PBXProject section */
		5ACFF96329E944FA00827A37 /* Project object */ = {
			isa = PBXProject;
			attributes = {
				BuildIndependentTargetsInParallel = 1;
				LastSwiftUpdateCheck = 1420;
				LastUpgradeCheck = 1420;
				TargetAttributes = {
					5ACFF96A29E944FA00827A37 = {
						CreatedOnToolsVersion = 14.2;
					};
				};
			};
			buildConfigurationList = 5ACFF96629E944FA00827A37 /* Build configuration list for PBXProject "KaptionedV2" */;
			compatibilityVersion = "Xcode 14.0";
			developmentRegion = en;
			hasScannedForEncodings = 0;
			knownRegions = (
				en,
				Base,
			);
			mainGroup = 5ACFF96229E944FA00827A37;
			packageReferences = (
				F48099392E4A20AD00E9D936 /* XCRemoteSwiftPackageReference "purchases-ios-spm" */,
				F4776F6F2E4DA3460040D6AB /* XCRemoteSwiftPackageReference "PermissionsSwiftUI" */,
			);
			productRefGroup = 5ACFF96C29E944FA00827A37 /* Products */;
			projectDirPath = "";
			projectRoot = "";
			targets = (
				5ACFF96A29E944FA00827A37 /* KaptionedV2 */,
			);
		};
/* End PBXProject section */

/* Begin PBXResourcesBuildPhase section */
		5ACFF96929E944FA00827A37 /* Resources */ = {
			isa = PBXResourcesBuildPhase;
			buildActionMask = 2147483647;
			files = (
				F4486D892E4B3DA7002A8A12 /* LaunchScreen.storyboard in Resources */,
				F4D376862E4B35DA0056C00B /* Assets.xcassets in Resources */,
				F48099432E4A27EF00E9D936 /* RevenueCatConfig.storekit in Resources */,
			);
			runOnlyForDeploymentPostprocessing = 0;
		};
/* End PBXResourcesBuildPhase section */

/* Begin PBXSourcesBuildPhase section */
		5ACFF96729E944FA00827A37 /* Sources */ = {
			isa = PBXSourcesBuildPhase;
			buildActionMask = 2147483647;
			files = (
				F486E3492E43A37F000749B8 /* TextOnPlayerView.swift in Sources */,
				F4740A042E4CEB8300AEF471 /* TakeoverExamples.swift in Sources */,
				F48D1AF02E50788200F9BF8F /* PresetsListView.swift in Sources */,
				F48D1AF12E50788200F9BF8F /* PresetPreviewView.swift in Sources */,
				F48D1AF22E50788200F9BF8F /* KaraokeColorSelectionView.swift in Sources */,
				F485E53D2E4A05B0007A680B /* SubscriptionManager.swift in Sources */,
				5A3D13B429F18E4D0027E25E /* RootViewModel.swift in Sources */,
				5A3D13B629F190260027E25E /* Preview.swift in Sources */,
				F42230F42E350697001CCAE5 /* TranscriptionModels.swift in Sources */,
				5A5F956D2A00FA180041C3F6 /* TextToolsView.swift in Sources */,
				5AFA25C629FA7D9300B820D0 /* Color.swift in Sources */,
				F42364982E3698A100057C86 /* GridTestView.swift in Sources */,
				F459F77B2E34D970006E9DD1 /* TranscriptionHelper.swift in Sources */,
				F48A90932E487EB40031E9DF /* LanguagePickerSheet.swift in Sources */,
				5ACFF98729E949A900827A37 /* VideoItem.swift in Sources */,
				5A3D13B229F187960027E25E /* ProjectEntity+Ext.swift in Sources */,
				5ACFF9AC29EE8B9400827A37 /* PlayerView.swift in Sources */,
				F423649A2E373F0500057C86 /* WordTimelineSlider.swift in Sources */,
				F4E9C1C12E4C4FB000DD5330 /* TextSizingHelper.swift in Sources */,
				5ACFF98529E945E000827A37 /* EditorViewModel.swift in Sources */,
				5ACFF9A929EE878500827A37 /* ToolButtonView.swift in Sources */,
				5ACFF98329E945C300827A37 /* MainEditorView.swift in Sources */,
				F4A4B7892E40DABC00016ED9 /* StyleEditorView.swift in Sources */,
				5ACFF99629EC8A2400827A37 /* AVAssets+Ext.swift in Sources */,
				F459F77F2E34E5FC006E9DD1 /* InteractiveVerticalScrubber.swift in Sources */,
				5AE2A2A029F465BD003D217F /* VideoEditor.swift in Sources */,
				F48099402E4A258200E9D936 /* RevenueCatManager.swift in Sources */,
				F485E5392E49EB81007A680B /* ConfigurationManager+Extensions.swift in Sources */,
				5A8B3FCF29F0360B00FB9858 /* Video.swift in Sources */,
				F418B72B2E40919D0021E298 /* VideoPlayerSize.swift in Sources */,
				5ACFF99829ED53FB00827A37 /* View+Ext.swift in Sources */,
				5A5F956F2A01351B0041C3F6 /* TextEditorView.swift in Sources */,
				F4AFDAE82E3BD87400D3466A /* TimelineSliderUtils.swift in Sources */,
				5ACFF98129E9454200827A37 /* VideoPlayerManager.swift in Sources */,
				5AE2A2A629F6A949003D217F /* VideoQuality.swift in Sources */,
				5A3D13AE29F185400027E25E /* FileManager.swift in Sources */,
				5ACFF9A129ED9C4000827A37 /* CustomSlider.swift in Sources */,
				F459F7772E34D32C006E9DD1 /* KaraokeSubsHelper.swift in Sources */,
				F485E53B2E4A0589007A680B /* SubscriptionModel.swift in Sources */,
				5ACFF9B029EE8C6C00827A37 /* PlayerHolderView.swift in Sources */,
				5ACFF9B229EEA93400827A37 /* ToolsSectionView.swift in Sources */,
				F48099B02E4B1B5F00E9D936 /* AlreadySubscribedView.swift in Sources */,
				F48099B12E4B1B5F00E9D936 /* SubscriptionSuccessView.swift in Sources */,
				F48099B22E4B1B5F00E9D936 /* NoVideosLeftView.swift in Sources */,
				5A5F95712A0135490041C3F6 /* TextEditorViewModel.swift in Sources */,
				F48D1AEB2E50770900F9BF8F /* AudioExtractor.swift in Sources */,
				5A5E6FA52A05124700F5EBF8 /* UIImage+Ext.swift in Sources */,
				F420A4D12E3F807200D0763E /* RulerView.swift in Sources */,
				5ACFF96F29E944FA00827A37 /* VideoEditorSwiftUIApp.swift in Sources */,
				F48A90992E4893290031E9DF /* RootView+Extensions.swift in Sources */,
				5A17E08929F1744100DB4A47 /* RootView.swift in Sources */,
				5A5E6F992A03A11D00F5EBF8 /* TimeInterval+Ext.swift in Sources */,
				F4727B702E37E6130072FBE6 /* PlayheadView.swift in Sources */,
				5ACFF99F29ED709B00827A37 /* RangeSliderView.swift in Sources */,
				F4740A002E4CEB1400AEF471 /* TakeoverView.swift in Sources */,
				5A5E6F972A039EFD00F5EBF8 /* AVAudioSession+Ext.swift in Sources */,
				F4D67B712E47C46700164273 /* SubtitleGenerationLoader.swift in Sources */,
				5A08FC7429EFD5E400AB877C /* NewTimelineSlider.swift in Sources */,
				F4740A022E4CEB7E00AEF471 /* TakeoverManager.swift in Sources */,
				5AE2A2A229F66EE9003D217F /* VideoExporterBottomSheetView.swift in Sources */,
				5AFA25C829FC186F00B820D0 /* TextBox.swift in Sources */,
				5A3D13AC29F184330027E25E /* CoreDataContainer.xcdatamodeld in Sources */,
				5AE2A2A829F6BA29003D217F /* ExporterViewModel.swift in Sources */,
				5ACFF99D29ED5C4900827A37 /* SliderView.swift in Sources */,
				F408C7812E407AB60091D316 /* TextToolbar.swift in Sources */,
				5A5F95732A0166D90041C3F6 /* Swipe.swift in Sources */,
				F485E5372E49EB64007A680B /* ConfigurationManager.swift in Sources */,
				F48A90912E4876840031E9DF /* BottomSheetView.swift in Sources */,
				5A3D13B029F186160027E25E /* CoreDataManager.swift in Sources */,
				5A3D13A829F184000027E25E /* PersistenceController.swift in Sources */,
			);
			runOnlyForDeploymentPostprocessing = 0;
		};
/* End PBXSourcesBuildPhase section */

/* Begin XCBuildConfiguration section */
		5ACFF97729E944FC00827A37 /* Debug */ = {
			isa = XCBuildConfiguration;
			buildSettings = {
				ALWAYS_SEARCH_USER_PATHS = NO;
				CLANG_ANALYZER_NONNULL = YES;
				CLANG_ANALYZER_NUMBER_OBJECT_CONVERSION = YES_AGGRESSIVE;
				CLANG_CXX_LANGUAGE_STANDARD = "gnu++20";
				CLANG_ENABLE_MODULES = YES;
				CLANG_ENABLE_OBJC_ARC = YES;
				CLANG_ENABLE_OBJC_WEAK = YES;
				CLANG_WARN_BLOCK_CAPTURE_AUTORELEASING = YES;
				CLANG_WARN_BOOL_CONVERSION = YES;
				CLANG_WARN_COMMA = YES;
				CLANG_WARN_CONSTANT_CONVERSION = YES;
				CLANG_WARN_DEPRECATED_OBJC_IMPLEMENTATIONS = YES;
				CLANG_WARN_DIRECT_OBJC_ISA_USAGE = YES_ERROR;
				CLANG_WARN_DOCUMENTATION_COMMENTS = YES;
				CLANG_WARN_EMPTY_BODY = YES;
				CLANG_WARN_ENUM_CONVERSION = YES;
				CLANG_WARN_INFINITE_RECURSION = YES;
				CLANG_WARN_INT_CONVERSION = YES;
				CLANG_WARN_NON_LITERAL_NULL_CONVERSION = YES;
				CLANG_WARN_OBJC_IMPLICIT_RETAIN_SELF = YES;
				CLANG_WARN_OBJC_LITERAL_CONVERSION = YES;
				CLANG_WARN_OBJC_ROOT_CLASS = YES_ERROR;
				CLANG_WARN_QUOTED_INCLUDE_IN_FRAMEWORK_HEADER = YES;
				CLANG_WARN_RANGE_LOOP_ANALYSIS = YES;
				CLANG_WARN_STRICT_PROTOTYPES = YES;
				CLANG_WARN_SUSPICIOUS_MOVE = YES;
				CLANG_WARN_UNGUARDED_AVAILABILITY = YES_AGGRESSIVE;
				CLANG_WARN_UNREACHABLE_CODE = YES;
				CLANG_WARN__DUPLICATE_METHOD_MATCH = YES;
				COPY_PHASE_STRIP = NO;
				DEBUG_INFORMATION_FORMAT = dwarf;
				ENABLE_STRICT_OBJC_MSGSEND = YES;
				ENABLE_TESTABILITY = YES;
				GCC_C_LANGUAGE_STANDARD = gnu11;
				GCC_DYNAMIC_NO_PIC = NO;
				GCC_NO_COMMON_BLOCKS = YES;
				GCC_OPTIMIZATION_LEVEL = 0;
				GCC_PREPROCESSOR_DEFINITIONS = (
					"DEBUG=1",
					"$(inherited)",
				);
				GCC_WARN_64_TO_32_BIT_CONVERSION = YES;
				GCC_WARN_ABOUT_RETURN_TYPE = YES_ERROR;
				GCC_WARN_UNDECLARED_SELECTOR = YES;
				GCC_WARN_UNINITIALIZED_AUTOS = YES_AGGRESSIVE;
				GCC_WARN_UNUSED_FUNCTION = YES;
				GCC_WARN_UNUSED_VARIABLE = YES;
				IPHONEOS_DEPLOYMENT_TARGET = 16.2;
				MTL_ENABLE_DEBUG_INFO = INCLUDE_SOURCE;
				MTL_FAST_MATH = YES;
				ONLY_ACTIVE_ARCH = YES;
				SDKROOT = iphoneos;
				SWIFT_ACTIVE_COMPILATION_CONDITIONS = DEBUG;
				SWIFT_OPTIMIZATION_LEVEL = "-Onone";
			};
			name = Debug;
		};
		5ACFF97829E944FC00827A37 /* Release */ = {
			isa = XCBuildConfiguration;
			buildSettings = {
				ALWAYS_SEARCH_USER_PATHS = NO;
				CLANG_ANALYZER_NONNULL = YES;
				CLANG_ANALYZER_NUMBER_OBJECT_CONVERSION = YES_AGGRESSIVE;
				CLANG_CXX_LANGUAGE_STANDARD = "gnu++20";
				CLANG_ENABLE_MODULES = YES;
				CLANG_ENABLE_OBJC_ARC = YES;
				CLANG_ENABLE_OBJC_WEAK = YES;
				CLANG_WARN_BLOCK_CAPTURE_AUTORELEASING = YES;
				CLANG_WARN_BOOL_CONVERSION = YES;
				CLANG_WARN_COMMA = YES;
				CLANG_WARN_CONSTANT_CONVERSION = YES;
				CLANG_WARN_DEPRECATED_OBJC_IMPLEMENTATIONS = YES;
				CLANG_WARN_DIRECT_OBJC_ISA_USAGE = YES_ERROR;
				CLANG_WARN_DOCUMENTATION_COMMENTS = YES;
				CLANG_WARN_EMPTY_BODY = YES;
				CLANG_WARN_ENUM_CONVERSION = YES;
				CLANG_WARN_INFINITE_RECURSION = YES;
				CLANG_WARN_INT_CONVERSION = YES;
				CLANG_WARN_NON_LITERAL_NULL_CONVERSION = YES;
				CLANG_WARN_OBJC_IMPLICIT_RETAIN_SELF = YES;
				CLANG_WARN_OBJC_LITERAL_CONVERSION = YES;
				CLANG_WARN_OBJC_ROOT_CLASS = YES_ERROR;
				CLANG_WARN_QUOTED_INCLUDE_IN_FRAMEWORK_HEADER = YES;
				CLANG_WARN_RANGE_LOOP_ANALYSIS = YES;
				CLANG_WARN_STRICT_PROTOTYPES = YES;
				CLANG_WARN_SUSPICIOUS_MOVE = YES;
				CLANG_WARN_UNGUARDED_AVAILABILITY = YES_AGGRESSIVE;
				CLANG_WARN_UNREACHABLE_CODE = YES;
				CLANG_WARN__DUPLICATE_METHOD_MATCH = YES;
				COPY_PHASE_STRIP = NO;
				DEBUG_INFORMATION_FORMAT = "dwarf-with-dsym";
				ENABLE_NS_ASSERTIONS = NO;
				ENABLE_STRICT_OBJC_MSGSEND = YES;
				GCC_C_LANGUAGE_STANDARD = gnu11;
				GCC_NO_COMMON_BLOCKS = YES;
				GCC_WARN_64_TO_32_BIT_CONVERSION = YES;
				GCC_WARN_ABOUT_RETURN_TYPE = YES_ERROR;
				GCC_WARN_UNDECLARED_SELECTOR = YES;
				GCC_WARN_UNINITIALIZED_AUTOS = YES_AGGRESSIVE;
				GCC_WARN_UNUSED_FUNCTION = YES;
				GCC_WARN_UNUSED_VARIABLE = YES;
				IPHONEOS_DEPLOYMENT_TARGET = 16.2;
				MTL_ENABLE_DEBUG_INFO = NO;
				MTL_FAST_MATH = YES;
				SDKROOT = iphoneos;
				SWIFT_COMPILATION_MODE = wholemodule;
				SWIFT_OPTIMIZATION_LEVEL = "-O";
				VALIDATE_PRODUCT = YES;
			};
			name = Release;
		};
		5ACFF97A29E944FC00827A37 /* Debug */ = {
			isa = XCBuildConfiguration;
			buildSettings = {
				ASSETCATALOG_COMPILER_APPICON_NAME = AppIcon;
				ASSETCATALOG_COMPILER_GLOBAL_ACCENT_COLOR_NAME = AccentColor;
				CODE_SIGN_STYLE = Automatic;
				CURRENT_PROJECT_VERSION = 46;
				DEVELOPMENT_ASSET_PATHS = "";
				DEVELOPMENT_TEAM = JDAS9UK2R4;
				ENABLE_PREVIEWS = YES;
				GENERATE_INFOPLIST_FILE = YES;
				INFOPLIST_KEY_CFBundleDisplayName = Kaptioned;
				INFOPLIST_KEY_LSApplicationCategoryType = "public.app-category.video";
				INFOPLIST_KEY_NSMicrophoneUsageDescription = "Kaptioned needs to access your microphone to record audio for your videos";
				INFOPLIST_KEY_NSPhotoLibraryUsageDescription = "Kaptioned needs access to you library to save your created videos";
				INFOPLIST_KEY_UIApplicationSceneManifest_Generation = YES;
				INFOPLIST_KEY_UIApplicationSupportsIndirectInputEvents = YES;
				INFOPLIST_KEY_UILaunchStoryboardName = LaunchScreen;
				INFOPLIST_KEY_UIStatusBarHidden = NO;
				INFOPLIST_KEY_UISupportedInterfaceOrientations = UIInterfaceOrientationPortrait;
				INFOPLIST_KEY_UISupportedInterfaceOrientations_iPad = "UIInterfaceOrientationLandscapeLeft UIInterfaceOrientationLandscapeRight UIInterfaceOrientationPortrait UIInterfaceOrientationPortraitUpsideDown";
				IPHONEOS_DEPLOYMENT_TARGET = 16.6;
				LD_RUNPATH_SEARCH_PATHS = (
					"$(inherited)",
					"@executable_path/Frameworks",
				);
				MARKETING_VERSION = 6.0;
				PRODUCT_BUNDLE_IDENTIFIER = KaptionedApp;
				PRODUCT_NAME = "$(TARGET_NAME)";
				SUPPORTED_PLATFORMS = "iphoneos iphonesimulator";
				SUPPORTS_MACCATALYST = NO;
				SUPPORTS_MAC_DESIGNED_FOR_IPHONE_IPAD = NO;
				SWIFT_EMIT_LOC_STRINGS = YES;
				SWIFT_VERSION = 5.0;
				TARGETED_DEVICE_FAMILY = 1;
			};
			name = Debug;
		};
		5ACFF97B29E944FC00827A37 /* Release */ = {
			isa = XCBuildConfiguration;
			buildSettings = {
				ASSETCATALOG_COMPILER_APPICON_NAME = AppIcon;
				ASSETCATALOG_COMPILER_GLOBAL_ACCENT_COLOR_NAME = AccentColor;
				CODE_SIGN_STYLE = Automatic;
				CURRENT_PROJECT_VERSION = 46;
				DEVELOPMENT_ASSET_PATHS = "";
				DEVELOPMENT_TEAM = JDAS9UK2R4;
				ENABLE_PREVIEWS = YES;
				GENERATE_INFOPLIST_FILE = YES;
				INFOPLIST_KEY_CFBundleDisplayName = Kaptioned;
				INFOPLIST_KEY_LSApplicationCategoryType = "public.app-category.video";
				INFOPLIST_KEY_NSMicrophoneUsageDescription = "Kaptioned needs to access your microphone to record audio for your videos";
				INFOPLIST_KEY_NSPhotoLibraryUsageDescription = "Kaptioned needs access to you library to save your created videos";
				INFOPLIST_KEY_UIApplicationSceneManifest_Generation = YES;
				INFOPLIST_KEY_UIApplicationSupportsIndirectInputEvents = YES;
				INFOPLIST_KEY_UILaunchStoryboardName = LaunchScreen;
				INFOPLIST_KEY_UIStatusBarHidden = NO;
				INFOPLIST_KEY_UISupportedInterfaceOrientations = UIInterfaceOrientationPortrait;
				INFOPLIST_KEY_UISupportedInterfaceOrientations_iPad = "UIInterfaceOrientationLandscapeLeft UIInterfaceOrientationLandscapeRight UIInterfaceOrientationPortrait UIInterfaceOrientationPortraitUpsideDown";
				IPHONEOS_DEPLOYMENT_TARGET = 16.6;
				LD_RUNPATH_SEARCH_PATHS = (
					"$(inherited)",
					"@executable_path/Frameworks",
				);
				MARKETING_VERSION = 6.0;
				PRODUCT_BUNDLE_IDENTIFIER = KaptionedApp;
				PRODUCT_NAME = "$(TARGET_NAME)";
				SUPPORTED_PLATFORMS = "iphoneos iphonesimulator";
				SUPPORTS_MACCATALYST = NO;
				SUPPORTS_MAC_DESIGNED_FOR_IPHONE_IPAD = NO;
				SWIFT_EMIT_LOC_STRINGS = YES;
				SWIFT_VERSION = 5.0;
				TARGETED_DEVICE_FAMILY = 1;
			};
			name = Release;
		};
/* End XCBuildConfiguration section */

/* Begin XCConfigurationList section */
		5ACFF96629E944FA00827A37 /* Build configuration list for PBXProject "KaptionedV2" */ = {
			isa = XCConfigurationList;
			buildConfigurations = (
				5ACFF97729E944FC00827A37 /* Debug */,
				5ACFF97829E944FC00827A37 /* Release */,
			);
			defaultConfigurationIsVisible = 0;
			defaultConfigurationName = Release;
		};
		5ACFF97929E944FC00827A37 /* Build configuration list for PBXNativeTarget "KaptionedV2" */ = {
			isa = XCConfigurationList;
			buildConfigurations = (
				5ACFF97A29E944FC00827A37 /* Debug */,
				5ACFF97B29E944FC00827A37 /* Release */,
			);
			defaultConfigurationIsVisible = 0;
			defaultConfigurationName = Release;
		};
/* End XCConfigurationList section */

/* Begin XCRemoteSwiftPackageReference section */
		F4776F6F2E4DA3460040D6AB /* XCRemoteSwiftPackageReference "PermissionsSwiftUI" */ = {
			isa = XCRemoteSwiftPackageReference;
			repositoryURL = "https://github.com/jevonmao/PermissionsSwiftUI";
			requirement = {
				kind = upToNextMajorVersion;
				minimumVersion = 1.5.11;
			};
		};
		F48099392E4A20AD00E9D936 /* XCRemoteSwiftPackageReference "purchases-ios-spm" */ = {
			isa = XCRemoteSwiftPackageReference;
			repositoryURL = "https://github.com/RevenueCat/purchases-ios-spm.git";
			requirement = {
				kind = upToNextMajorVersion;
				minimumVersion = 5.34.0;
			};
		};
/* End XCRemoteSwiftPackageReference section */

/* Begin XCSwiftPackageProductDependency section */
		F4776F702E4DA3460040D6AB /* PermissionsSwiftUIPhoto */ = {
			isa = XCSwiftPackageProductDependency;
			package = F4776F6F2E4DA3460040D6AB /* XCRemoteSwiftPackageReference "PermissionsSwiftUI" */;
			productName = PermissionsSwiftUIPhoto;
		};
		F480993A2E4A20AD00E9D936 /* RevenueCat */ = {
			isa = XCSwiftPackageProductDependency;
			package = F48099392E4A20AD00E9D936 /* XCRemoteSwiftPackageReference "purchases-ios-spm" */;
			productName = RevenueCat;
		};
		F480993C2E4A20AD00E9D936 /* RevenueCatUI */ = {
			isa = XCSwiftPackageProductDependency;
			package = F48099392E4A20AD00E9D936 /* XCRemoteSwiftPackageReference "purchases-ios-spm" */;
			productName = RevenueCatUI;
		};
/* End XCSwiftPackageProductDependency section */

/* Begin XCVersionGroup section */
		5A3D13AA29F184330027E25E /* CoreDataContainer.xcdatamodeld */ = {
			isa = XCVersionGroup;
			children = (
				5A3D13AB29F184330027E25E /* CoreDataContainer.xcdatamodel */,
			);
			currentVersion = 5A3D13AB29F184330027E25E /* CoreDataContainer.xcdatamodel */;
			path = CoreDataContainer.xcdatamodeld;
			sourceTree = "<group>";
			versionGroupType = wrapper.xcdatamodel;
		};
/* End XCVersionGroup section */
	};
	rootObject = 5ACFF96329E944FA00827A37 /* Project object */;
}
